
Microsoft Visual Studio Solution File, Format Version 12.00
# Visual Studio Version 17
VisualStudioVersion = 17.3.32804.467
MinimumVisualStudioVersion = 10.0.40219.1
Project("{FAE04EC0-301F-11D3-BF4B-00C04F79EFBC}") = "IceCli", "IceCli\IceCli.csproj", "{B14EAF07-FCED-49AB-8929-55AB19965C5D}"
EndProject
Project("{FAE04EC0-301F-11D3-BF4B-00C04F79EFBC}") = "AquaModelLibrary", "AquaLibrary\AquaModelLibrary\AquaModelLibrary.csproj", "{AC648CF6-3E5C-4C7A-8A6E-083AE962FA1C}"
EndProject
Project("{8BC9CEB8-8B4A-11D0-8D11-00A0C91BC942}") = "AquaModelLibrary.Native", "AquaLibrary\AquaModelLibrary.Native\AquaModelLibrary.Native.vcxproj", "{2C3B66BB-F1A9-4513-AB63-570D7687C6A7}"
EndProject
Project("{FAE04EC0-301F-11D3-BF4B-00C04F79EFBC}") = "ZamboniLib", "AquaLibrary\ZamboniLib\ZamboniLib\ZamboniLib.csproj", "{84D63988-81DE-4639-8E44-FE5A25EDDC97}"
EndProject
Project("{8BC9CEB8-8B4A-11D0-8D11-00A0C91BC942}") = "ooz", "AquaLibrary\ZamboniLib\ooz-sys\ooz.vcxproj", "{B6748219-A0E7-46BB-AE38-5343961CB36A}"
EndProject
Project("{FAE04EC0-301F-11D3-BF4B-00C04F79EFBC}") = "Common", "Common\Common.csproj", "{14662D69-FF4C-4289-A1EC-D6EDABB45CF3}"
EndProject
Project("{FAE04EC0-301F-11D3-BF4B-00C04F79EFBC}") = "Aqp2Fbx", "Aqp2Fbx\Aqp2Fbx.csproj", "{8E352702-487D-487E-8E99-6FB85ABC18BF}"
EndProject
Project("{FAE04EC0-301F-11D3-BF4B-00C04F79EFBC}") = "Fbx2Aqp", "Fbx2Aqp\Fbx2Aqp.csproj", "{BF3ADC5E-1A16-412E-98FE-A518C9ED9BD7}"
EndProject
Project("{2150E333-8FDC-42A3-9474-1A3956D46DE8}") = "Solution Items", "Solution Items", "{D760E2C6-E206-41A6-9082-82A25A095E5B}"
	ProjectSection(SolutionItems) = preProject
		.gitignore = .gitignore
		.gitmodules = .gitmodules
		BuildRelease.ps1 = BuildRelease.ps1
		LICENSE = LICENSE
		LinkDependencies.ps1 = LinkDependencies.ps1
		README.md = README.md
	EndProjectSection
EndProject
Project("{FAE04EC0-301F-11D3-BF4B-00C04F79EFBC}") = "Dds2Png", "Dds2Png\Dds2Png.csproj", "{FCC1781E-608F-4D89-B3F3-C479F87D4068}"
EndProject
Project("{9A19103F-16F7-4668-BE54-9A1E7A4F7556}") = "SoulsFormats", "AquaLibrary\SoulsFormats\SoulsFormats\SoulsFormats.csproj", "{5CEF6EFA-6263-4980-9D2B-003D9BEE68CC}"
EndProject
Global
	GlobalSection(SolutionConfigurationPlatforms) = preSolution
		Debug|Any CPU = Debug|Any CPU
		Debug|x64 = Debug|x64
		Debug|x86 = Debug|x86
		Release|Any CPU = Release|Any CPU
		Release|x64 = Release|x64
		Release|x86 = Release|x86
		x86|Any CPU = x86|Any CPU
		x86|x64 = x86|x64
		x86|x86 = x86|x86
	EndGlobalSection
	GlobalSection(ProjectConfigurationPlatforms) = postSolution
		{B14EAF07-FCED-49AB-8929-55AB19965C5D}.Debug|Any CPU.ActiveCfg = Debug|Any CPU
		{B14EAF07-FCED-49AB-8929-55AB19965C5D}.Debug|Any CPU.Build.0 = Debug|Any CPU
		{B14EAF07-FCED-49AB-8929-55AB19965C5D}.Debug|x64.ActiveCfg = Debug|Any CPU
		{B14EAF07-FCED-49AB-8929-55AB19965C5D}.Debug|x64.Build.0 = Debug|Any CPU
		{B14EAF07-FCED-49AB-8929-55AB19965C5D}.Debug|x86.ActiveCfg = Debug|Any CPU
		{B14EAF07-FCED-49AB-8929-55AB19965C5D}.Debug|x86.Build.0 = Debug|Any CPU
		{B14EAF07-FCED-49AB-8929-55AB19965C5D}.Release|Any CPU.ActiveCfg = Release|Any CPU
		{B14EAF07-FCED-49AB-8929-55AB19965C5D}.Release|Any CPU.Build.0 = Release|Any CPU
		{B14EAF07-FCED-49AB-8929-55AB19965C5D}.Release|x64.ActiveCfg = Release|Any CPU
		{B14EAF07-FCED-49AB-8929-55AB19965C5D}.Release|x64.Build.0 = Release|Any CPU
		{B14EAF07-FCED-49AB-8929-55AB19965C5D}.Release|x86.ActiveCfg = Release|Any CPU
		{B14EAF07-FCED-49AB-8929-55AB19965C5D}.Release|x86.Build.0 = Release|Any CPU
		{B14EAF07-FCED-49AB-8929-55AB19965C5D}.x86|Any CPU.ActiveCfg = Debug|Any CPU
		{B14EAF07-FCED-49AB-8929-55AB19965C5D}.x86|Any CPU.Build.0 = Debug|Any CPU
		{B14EAF07-FCED-49AB-8929-55AB19965C5D}.x86|x64.ActiveCfg = Debug|Any CPU
		{B14EAF07-FCED-49AB-8929-55AB19965C5D}.x86|x64.Build.0 = Debug|Any CPU
		{B14EAF07-FCED-49AB-8929-55AB19965C5D}.x86|x86.ActiveCfg = Debug|Any CPU
		{B14EAF07-FCED-49AB-8929-55AB19965C5D}.x86|x86.Build.0 = Debug|Any CPU
		{AC648CF6-3E5C-4C7A-8A6E-083AE962FA1C}.Debug|Any CPU.ActiveCfg = Debug|Any CPU
		{AC648CF6-3E5C-4C7A-8A6E-083AE962FA1C}.Debug|Any CPU.Build.0 = Debug|Any CPU
		{AC648CF6-3E5C-4C7A-8A6E-083AE962FA1C}.Debug|x64.ActiveCfg = Debug|x64
		{AC648CF6-3E5C-4C7A-8A6E-083AE962FA1C}.Debug|x64.Build.0 = Debug|x64
		{AC648CF6-3E5C-4C7A-8A6E-083AE962FA1C}.Debug|x86.ActiveCfg = Debug|x86
		{AC648CF6-3E5C-4C7A-8A6E-083AE962FA1C}.Debug|x86.Build.0 = Debug|x86
		{AC648CF6-3E5C-4C7A-8A6E-083AE962FA1C}.Release|Any CPU.ActiveCfg = Release|Any CPU
		{AC648CF6-3E5C-4C7A-8A6E-083AE962FA1C}.Release|Any CPU.Build.0 = Release|Any CPU
		{AC648CF6-3E5C-4C7A-8A6E-083AE962FA1C}.Release|x64.ActiveCfg = Release|x64
		{AC648CF6-3E5C-4C7A-8A6E-083AE962FA1C}.Release|x64.Build.0 = Release|x64
		{AC648CF6-3E5C-4C7A-8A6E-083AE962FA1C}.Release|x86.ActiveCfg = Release|x86
		{AC648CF6-3E5C-4C7A-8A6E-083AE962FA1C}.Release|x86.Build.0 = Release|x86
		{AC648CF6-3E5C-4C7A-8A6E-083AE962FA1C}.x86|Any CPU.ActiveCfg = x86|Any CPU
		{AC648CF6-3E5C-4C7A-8A6E-083AE962FA1C}.x86|Any CPU.Build.0 = x86|Any CPU
		{AC648CF6-3E5C-4C7A-8A6E-083AE962FA1C}.x86|x64.ActiveCfg = x86|x64
		{AC648CF6-3E5C-4C7A-8A6E-083AE962FA1C}.x86|x64.Build.0 = x86|x64
		{AC648CF6-3E5C-4C7A-8A6E-083AE962FA1C}.x86|x86.ActiveCfg = x86|x86
		{AC648CF6-3E5C-4C7A-8A6E-083AE962FA1C}.x86|x86.Build.0 = x86|x86
		{2C3B66BB-F1A9-4513-AB63-570D7687C6A7}.Debug|Any CPU.ActiveCfg = Debug|x64
		{2C3B66BB-F1A9-4513-AB63-570D7687C6A7}.Debug|Any CPU.Build.0 = Debug|x64
		{2C3B66BB-F1A9-4513-AB63-570D7687C6A7}.Debug|x64.ActiveCfg = Debug|x64
		{2C3B66BB-F1A9-4513-AB63-570D7687C6A7}.Debug|x64.Build.0 = Debug|x64
		{2C3B66BB-F1A9-4513-AB63-570D7687C6A7}.Debug|x86.ActiveCfg = Debug|Win32
		{2C3B66BB-F1A9-4513-AB63-570D7687C6A7}.Debug|x86.Build.0 = Debug|Win32
		{2C3B66BB-F1A9-4513-AB63-570D7687C6A7}.Release|Any CPU.ActiveCfg = Release|x64
		{2C3B66BB-F1A9-4513-AB63-570D7687C6A7}.Release|Any CPU.Build.0 = Release|x64
		{2C3B66BB-F1A9-4513-AB63-570D7687C6A7}.Release|x64.ActiveCfg = Release|x64
		{2C3B66BB-F1A9-4513-AB63-570D7687C6A7}.Release|x64.Build.0 = Release|x64
		{2C3B66BB-F1A9-4513-AB63-570D7687C6A7}.Release|x86.ActiveCfg = Release|Win32
		{2C3B66BB-F1A9-4513-AB63-570D7687C6A7}.Release|x86.Build.0 = Release|Win32
		{2C3B66BB-F1A9-4513-AB63-570D7687C6A7}.x86|Any CPU.ActiveCfg = Debug|x64
		{2C3B66BB-F1A9-4513-AB63-570D7687C6A7}.x86|Any CPU.Build.0 = Debug|x64
		{2C3B66BB-F1A9-4513-AB63-570D7687C6A7}.x86|x64.ActiveCfg = Debug|x64
		{2C3B66BB-F1A9-4513-AB63-570D7687C6A7}.x86|x64.Build.0 = Debug|x64
		{2C3B66BB-F1A9-4513-AB63-570D7687C6A7}.x86|x86.ActiveCfg = Debug|Win32
		{2C3B66BB-F1A9-4513-AB63-570D7687C6A7}.x86|x86.Build.0 = Debug|Win32
		{84D63988-81DE-4639-8E44-FE5A25EDDC97}.Debug|Any CPU.ActiveCfg = Debug|Any CPU
		{84D63988-81DE-4639-8E44-FE5A25EDDC97}.Debug|Any CPU.Build.0 = Debug|Any CPU
		{84D63988-81DE-4639-8E44-FE5A25EDDC97}.Debug|x64.ActiveCfg = Debug|Any CPU
		{84D63988-81DE-4639-8E44-FE5A25EDDC97}.Debug|x64.Build.0 = Debug|Any CPU
		{84D63988-81DE-4639-8E44-FE5A25EDDC97}.Debug|x86.ActiveCfg = Debug|Any CPU
		{84D63988-81DE-4639-8E44-FE5A25EDDC97}.Debug|x86.Build.0 = Debug|Any CPU
		{84D63988-81DE-4639-8E44-FE5A25EDDC97}.Release|Any CPU.ActiveCfg = Release|Any CPU
		{84D63988-81DE-4639-8E44-FE5A25EDDC97}.Release|Any CPU.Build.0 = Release|Any CPU
		{84D63988-81DE-4639-8E44-FE5A25EDDC97}.Release|x64.ActiveCfg = Release|Any CPU
		{84D63988-81DE-4639-8E44-FE5A25EDDC97}.Release|x64.Build.0 = Release|Any CPU
		{84D63988-81DE-4639-8E44-FE5A25EDDC97}.Release|x86.ActiveCfg = Release|Any CPU
		{84D63988-81DE-4639-8E44-FE5A25EDDC97}.Release|x86.Build.0 = Release|Any CPU
		{84D63988-81DE-4639-8E44-FE5A25EDDC97}.x86|Any CPU.ActiveCfg = Debug|Any CPU
		{84D63988-81DE-4639-8E44-FE5A25EDDC97}.x86|Any CPU.Build.0 = Debug|Any CPU
		{84D63988-81DE-4639-8E44-FE5A25EDDC97}.x86|x64.ActiveCfg = Debug|Any CPU
		{84D63988-81DE-4639-8E44-FE5A25EDDC97}.x86|x64.Build.0 = Debug|Any CPU
		{84D63988-81DE-4639-8E44-FE5A25EDDC97}.x86|x86.ActiveCfg = Debug|Any CPU
		{84D63988-81DE-4639-8E44-FE5A25EDDC97}.x86|x86.Build.0 = Debug|Any CPU
		{B6748219-A0E7-46BB-AE38-5343961CB36A}.Debug|Any CPU.ActiveCfg = Debug|x64
		{B6748219-A0E7-46BB-AE38-5343961CB36A}.Debug|Any CPU.Build.0 = Debug|x64
		{B6748219-A0E7-46BB-AE38-5343961CB36A}.Debug|x64.ActiveCfg = Debug|x64
		{B6748219-A0E7-46BB-AE38-5343961CB36A}.Debug|x64.Build.0 = Debug|x64
		{B6748219-A0E7-46BB-AE38-5343961CB36A}.Debug|x86.ActiveCfg = Debug|Win32
		{B6748219-A0E7-46BB-AE38-5343961CB36A}.Debug|x86.Build.0 = Debug|Win32
		{B6748219-A0E7-46BB-AE38-5343961CB36A}.Release|Any CPU.ActiveCfg = Release|x64
		{B6748219-A0E7-46BB-AE38-5343961CB36A}.Release|Any CPU.Build.0 = Release|x64
		{B6748219-A0E7-46BB-AE38-5343961CB36A}.Release|x64.ActiveCfg = Release|x64
		{B6748219-A0E7-46BB-AE38-5343961CB36A}.Release|x64.Build.0 = Release|x64
		{B6748219-A0E7-46BB-AE38-5343961CB36A}.Release|x86.ActiveCfg = Release|Win32
		{B6748219-A0E7-46BB-AE38-5343961CB36A}.Release|x86.Build.0 = Release|Win32
		{B6748219-A0E7-46BB-AE38-5343961CB36A}.x86|Any CPU.ActiveCfg = Debug|x64
		{B6748219-A0E7-46BB-AE38-5343961CB36A}.x86|Any CPU.Build.0 = Debug|x64
		{B6748219-A0E7-46BB-AE38-5343961CB36A}.x86|x64.ActiveCfg = Debug|x64
		{B6748219-A0E7-46BB-AE38-5343961CB36A}.x86|x64.Build.0 = Debug|x64
		{B6748219-A0E7-46BB-AE38-5343961CB36A}.x86|x86.ActiveCfg = Debug|Win32
		{B6748219-A0E7-46BB-AE38-5343961CB36A}.x86|x86.Build.0 = Debug|Win32
		{14662D69-FF4C-4289-A1EC-D6EDABB45CF3}.Debug|Any CPU.ActiveCfg = Debug|Any CPU
		{14662D69-FF4C-4289-A1EC-D6EDABB45CF3}.Debug|Any CPU.Build.0 = Debug|Any CPU
		{14662D69-FF4C-4289-A1EC-D6EDABB45CF3}.Debug|x64.ActiveCfg = Debug|Any CPU
		{14662D69-FF4C-4289-A1EC-D6EDABB45CF3}.Debug|x64.Build.0 = Debug|Any CPU
		{14662D69-FF4C-4289-A1EC-D6EDABB45CF3}.Debug|x86.ActiveCfg = Debug|Any CPU
		{14662D69-FF4C-4289-A1EC-D6EDABB45CF3}.Debug|x86.Build.0 = Debug|Any CPU
		{14662D69-FF4C-4289-A1EC-D6EDABB45CF3}.Release|Any CPU.ActiveCfg = Release|Any CPU
		{14662D69-FF4C-4289-A1EC-D6EDABB45CF3}.Release|Any CPU.Build.0 = Release|Any CPU
		{14662D69-FF4C-4289-A1EC-D6EDABB45CF3}.Release|x64.ActiveCfg = Release|Any CPU
		{14662D69-FF4C-4289-A1EC-D6EDABB45CF3}.Release|x64.Build.0 = Release|Any CPU
		{14662D69-FF4C-4289-A1EC-D6EDABB45CF3}.Release|x86.ActiveCfg = Release|Any CPU
		{14662D69-FF4C-4289-A1EC-D6EDABB45CF3}.Release|x86.Build.0 = Release|Any CPU
		{14662D69-FF4C-4289-A1EC-D6EDABB45CF3}.x86|Any CPU.ActiveCfg = Debug|Any CPU
		{14662D69-FF4C-4289-A1EC-D6EDABB45CF3}.x86|Any CPU.Build.0 = Debug|Any CPU
		{14662D69-FF4C-4289-A1EC-D6EDABB45CF3}.x86|x64.ActiveCfg = Debug|Any CPU
		{14662D69-FF4C-4289-A1EC-D6EDABB45CF3}.x86|x64.Build.0 = Debug|Any CPU
		{14662D69-FF4C-4289-A1EC-D6EDABB45CF3}.x86|x86.ActiveCfg = Debug|Any CPU
		{14662D69-FF4C-4289-A1EC-D6EDABB45CF3}.x86|x86.Build.0 = Debug|Any CPU
		{8E352702-487D-487E-8E99-6FB85ABC18BF}.Debug|Any CPU.ActiveCfg = Debug|Any CPU
		{8E352702-487D-487E-8E99-6FB85ABC18BF}.Debug|Any CPU.Build.0 = Debug|Any CPU
		{8E352702-487D-487E-8E99-6FB85ABC18BF}.Debug|x64.ActiveCfg = Debug|Any CPU
		{8E352702-487D-487E-8E99-6FB85ABC18BF}.Debug|x64.Build.0 = Debug|Any CPU
		{8E352702-487D-487E-8E99-6FB85ABC18BF}.Debug|x86.ActiveCfg = Debug|Any CPU
		{8E352702-487D-487E-8E99-6FB85ABC18BF}.Debug|x86.Build.0 = Debug|Any CPU
		{8E352702-487D-487E-8E99-6FB85ABC18BF}.Release|Any CPU.ActiveCfg = Release|Any CPU
		{8E352702-487D-487E-8E99-6FB85ABC18BF}.Release|Any CPU.Build.0 = Release|Any CPU
		{8E352702-487D-487E-8E99-6FB85ABC18BF}.Release|x64.ActiveCfg = Release|Any CPU
		{8E352702-487D-487E-8E99-6FB85ABC18BF}.Release|x64.Build.0 = Release|Any CPU
		{8E352702-487D-487E-8E99-6FB85ABC18BF}.Release|x86.ActiveCfg = Release|Any CPU
		{8E352702-487D-487E-8E99-6FB85ABC18BF}.Release|x86.Build.0 = Release|Any CPU
		{8E352702-487D-487E-8E99-6FB85ABC18BF}.x86|Any CPU.ActiveCfg = Debug|Any CPU
		{8E352702-487D-487E-8E99-6FB85ABC18BF}.x86|Any CPU.Build.0 = Debug|Any CPU
		{8E352702-487D-487E-8E99-6FB85ABC18BF}.x86|x64.ActiveCfg = Debug|Any CPU
		{8E352702-487D-487E-8E99-6FB85ABC18BF}.x86|x64.Build.0 = Debug|Any CPU
		{8E352702-487D-487E-8E99-6FB85ABC18BF}.x86|x86.ActiveCfg = Debug|Any CPU
		{8E352702-487D-487E-8E99-6FB85ABC18BF}.x86|x86.Build.0 = Debug|Any CPU
		{BF3ADC5E-1A16-412E-98FE-A518C9ED9BD7}.Debug|Any CPU.ActiveCfg = Debug|Any CPU
		{BF3ADC5E-1A16-412E-98FE-A518C9ED9BD7}.Debug|Any CPU.Build.0 = Debug|Any CPU
		{BF3ADC5E-1A16-412E-98FE-A518C9ED9BD7}.Debug|x64.ActiveCfg = Debug|Any CPU
		{BF3ADC5E-1A16-412E-98FE-A518C9ED9BD7}.Debug|x64.Build.0 = Debug|Any CPU
		{BF3ADC5E-1A16-412E-98FE-A518C9ED9BD7}.Debug|x86.ActiveCfg = Debug|Any CPU
		{BF3ADC5E-1A16-412E-98FE-A518C9ED9BD7}.Debug|x86.Build.0 = Debug|Any CPU
		{BF3ADC5E-1A16-412E-98FE-A518C9ED9BD7}.Release|Any CPU.ActiveCfg = Release|Any CPU
		{BF3ADC5E-1A16-412E-98FE-A518C9ED9BD7}.Release|Any CPU.Build.0 = Release|Any CPU
		{BF3ADC5E-1A16-412E-98FE-A518C9ED9BD7}.Release|x64.ActiveCfg = Release|Any CPU
		{BF3ADC5E-1A16-412E-98FE-A518C9ED9BD7}.Release|x64.Build.0 = Release|Any CPU
		{BF3ADC5E-1A16-412E-98FE-A518C9ED9BD7}.Release|x86.ActiveCfg = Release|Any CPU
		{BF3ADC5E-1A16-412E-98FE-A518C9ED9BD7}.Release|x86.Build.0 = Release|Any CPU
		{BF3ADC5E-1A16-412E-98FE-A518C9ED9BD7}.x86|Any CPU.ActiveCfg = Debug|Any CPU
		{BF3ADC5E-1A16-412E-98FE-A518C9ED9BD7}.x86|Any CPU.Build.0 = Debug|Any CPU
		{BF3ADC5E-1A16-412E-98FE-A518C9ED9BD7}.x86|x64.ActiveCfg = Debug|Any CPU
		{BF3ADC5E-1A16-412E-98FE-A518C9ED9BD7}.x86|x64.Build.0 = Debug|Any CPU
		{BF3ADC5E-1A16-412E-98FE-A518C9ED9BD7}.x86|x86.ActiveCfg = Debug|Any CPU
		{BF3ADC5E-1A16-412E-98FE-A518C9ED9BD7}.x86|x86.Build.0 = Debug|Any CPU
		{FCC1781E-608F-4D89-B3F3-C479F87D4068}.Debug|Any CPU.ActiveCfg = Debug|Any CPU
		{FCC1781E-608F-4D89-B3F3-C479F87D4068}.Debug|Any CPU.Build.0 = Debug|Any CPU
		{FCC1781E-608F-4D89-B3F3-C479F87D4068}.Debug|x64.ActiveCfg = Debug|Any CPU
		{FCC1781E-608F-4D89-B3F3-C479F87D4068}.Debug|x64.Build.0 = Debug|Any CPU
		{FCC1781E-608F-4D89-B3F3-C479F87D4068}.Debug|x86.ActiveCfg = Debug|Any CPU
		{FCC1781E-608F-4D89-B3F3-C479F87D4068}.Debug|x86.Build.0 = Debug|Any CPU
		{FCC1781E-608F-4D89-B3F3-C479F87D4068}.Release|Any CPU.ActiveCfg = Release|Any CPU
		{FCC1781E-608F-4D89-B3F3-C479F87D4068}.Release|Any CPU.Build.0 = Release|Any CPU
		{FCC1781E-608F-4D89-B3F3-C479F87D4068}.Release|x64.ActiveCfg = Release|Any CPU
		{FCC1781E-608F-4D89-B3F3-C479F87D4068}.Release|x64.Build.0 = Release|Any CPU
		{FCC1781E-608F-4D89-B3F3-C479F87D4068}.Release|x86.ActiveCfg = Release|Any CPU
		{FCC1781E-608F-4D89-B3F3-C479F87D4068}.Release|x86.Build.0 = Release|Any CPU
		{FCC1781E-608F-4D89-B3F3-C479F87D4068}.x86|Any CPU.ActiveCfg = Debug|Any CPU
		{FCC1781E-608F-4D89-B3F3-C479F87D4068}.x86|Any CPU.Build.0 = Debug|Any CPU
		{FCC1781E-608F-4D89-B3F3-C479F87D4068}.x86|x64.ActiveCfg = Debug|Any CPU
		{FCC1781E-608F-4D89-B3F3-C479F87D4068}.x86|x64.Build.0 = Debug|Any CPU
		{FCC1781E-608F-4D89-B3F3-C479F87D4068}.x86|x86.ActiveCfg = Debug|Any CPU
		{FCC1781E-608F-4D89-B3F3-C479F87D4068}.x86|x86.Build.0 = Debug|Any CPU
		{5CEF6EFA-6263-4980-9D2B-003D9BEE68CC}.Debug|Any CPU.ActiveCfg = Debug|Any CPU
		{5CEF6EFA-6263-4980-9D2B-003D9BEE68CC}.Debug|Any CPU.Build.0 = Debug|Any CPU
		{5CEF6EFA-6263-4980-9D2B-003D9BEE68CC}.Debug|x64.ActiveCfg = Debug|Any CPU
		{5CEF6EFA-6263-4980-9D2B-003D9BEE68CC}.Debug|x64.Build.0 = Debug|Any CPU
		{5CEF6EFA-6263-4980-9D2B-003D9BEE68CC}.Debug|x86.ActiveCfg = Debug|Any CPU
		{5CEF6EFA-6263-4980-9D2B-003D9BEE68CC}.Debug|x86.Build.0 = Debug|Any CPU
		{5CEF6EFA-6263-4980-9D2B-003D9BEE68CC}.Release|Any CPU.ActiveCfg = Release|Any CPU
		{5CEF6EFA-6263-4980-9D2B-003D9BEE68CC}.Release|Any CPU.Build.0 = Release|Any CPU
		{5CEF6EFA-6263-4980-9D2B-003D9BEE68CC}.Release|x64.ActiveCfg = Release|Any CPU
		{5CEF6EFA-6263-4980-9D2B-003D9BEE68CC}.Release|x64.Build.0 = Release|Any CPU
		{5CEF6EFA-6263-4980-9D2B-003D9BEE68CC}.Release|x86.ActiveCfg = Release|Any CPU
		{5CEF6EFA-6263-4980-9D2B-003D9BEE68CC}.Release|x86.Build.0 = Release|Any CPU
		{5CEF6EFA-6263-4980-9D2B-003D9BEE68CC}.x86|Any CPU.ActiveCfg = Debug|Any CPU
		{5CEF6EFA-6263-4980-9D2B-003D9BEE68CC}.x86|Any CPU.Build.0 = Debug|Any CPU
		{5CEF6EFA-6263-4980-9D2B-003D9BEE68CC}.x86|x64.ActiveCfg = Debug|Any CPU
		{5CEF6EFA-6263-4980-9D2B-003D9BEE68CC}.x86|x64.Build.0 = Debug|Any CPU
		{5CEF6EFA-6263-4980-9D2B-003D9BEE68CC}.x86|x86.ActiveCfg = Debug|Any CPU
		{5CEF6EFA-6263-4980-9D2B-003D9BEE68CC}.x86|x86.Build.0 = Debug|Any CPU
	EndGlobalSection
	GlobalSection(SolutionProperties) = preSolution
		HideSolutionNode = FALSE
	EndGlobalSection
	GlobalSection(ExtensibilityGlobals) = postSolution
		SolutionGuid = {CCA846A2-9D2F-43BB-BA17-7DFE1645455F}
	EndGlobalSection
EndGlobal
