
Microsoft Visual Studio Solution File, Format Version 12.00
# Visual Studio Version 17
VisualStudioVersion = 17.8.34309.116
MinimumVisualStudioVersion = 10.0.40219.1
Project("{9A19103F-16F7-4668-BE54-9A1E7A4F7556}") = "Pso2Cli", "Pso2Cli\Pso2Cli.csproj", "{710B4527-F4EE-4B47-A0F4-877DFF950847}"
EndProject
Project("{8BC9CEB8-8B4A-11D0-8D11-00A0C91BC942}") = "AquaModelLibrary.Native", "PSO2-Aqua-Library\AquaModelLibrary.Native\AquaModelLibrary.Native.vcxproj", "{2C3B66BB-F1A9-4513-AB63-570D7687C6A7}"
EndProject
Project("{9A19103F-16F7-4668-BE54-9A1E7A4F7556}") = "ZamboniLib", "PSO2-Aqua-Library\ZamboniLib\ZamboniLib\ZamboniLib.csproj", "{84D63988-81DE-4639-8E44-FE5A25EDDC97}"
EndProject
Project("{FAE04EC0-301F-11D3-BF4B-00C04F79EFBC}") = "UnluacNET", "PSO2-Aqua-Library\UnluacNET\UnluacNET.csproj", "{ED5D3E22-804B-4BAA-BD7F-F47F19804CF8}"
EndProject
Project("{2150E333-8FDC-42A3-9474-1A3956D46DE8}") = "Solution Items", "Solution Items", "{1CFDBB91-8865-4ACE-9C76-DF25DB49670D}"
	ProjectSection(SolutionItems) = preProject
		.gitignore = .gitignore
		BuildRelease.ps1 = BuildRelease.ps1
		LICENSE = LICENSE
		MsBuild.ps1 = MsBuild.ps1
		README.md = README.md
		SetupDependencies.ps1 = SetupDependencies.ps1
	EndProjectSection
EndProject
Project("{9A19103F-16F7-4668-BE54-9A1E7A4F7556}") = "AquaModelLibrary.Core", "PSO2-Aqua-Library\AquaModelLibrary.Core\AquaModelLibrary.Core.csproj", "{1E77F0BE-93FE-4DCA-B534-A6DA117BA30B}"
EndProject
Project("{9A19103F-16F7-4668-BE54-9A1E7A4F7556}") = "AquaModelLibrary.Data", "PSO2-Aqua-Library\AquaModelLibrary.Data\AquaModelLibrary.Data.csproj", "{45791498-E10B-4FEB-B0A2-8191F2D3086B}"
EndProject
Project("{9A19103F-16F7-4668-BE54-9A1E7A4F7556}") = "AquaModelLibrary.Helpers", "PSO2-Aqua-Library\AquaModelLibrary.Helpers\AquaModelLibrary.Helpers.csproj", "{28E7F0A4-ACA9-4D1E-A8EC-B9E1822FDD32}"
EndProject
Project("{9A19103F-16F7-4668-BE54-9A1E7A4F7556}") = "SoulsFormats", "PSO2-Aqua-Library\SoulsFormats\SoulsFormats\SoulsFormats.csproj", "{284D3E41-9E38-4A39-8A07-79F78E4A6D85}"
EndProject
Project("{9A19103F-16F7-4668-BE54-9A1E7A4F7556}") = "ArchiveLib", "PSO2-Aqua-Library\SAToolsShared\ArchiveLib\ArchiveLib.csproj", "{37FA1062-FEA5-45A7-9001-05892D8B9A2B}"
EndProject
Project("{9A19103F-16F7-4668-BE54-9A1E7A4F7556}") = "VrSharp", "PSO2-Aqua-Library\SAToolsShared\VrSharp\VrSharp.csproj", "{DB532B72-3E53-4D5A-81A2-4578F79746E5}"
EndProject
Global
	GlobalSection(SolutionConfigurationPlatforms) = preSolution
		Debug (x86)|Any CPU = Debug (x86)|Any CPU
		Debug (x86)|x64 = Debug (x86)|x64
		Debug (x86)|x86 = Debug (x86)|x86
		Debug|Any CPU = Debug|Any CPU
		Debug|x64 = Debug|x64
		Debug|x86 = Debug|x86
		Release (x86)|Any CPU = Release (x86)|Any CPU
		Release (x86)|x64 = Release (x86)|x64
		Release (x86)|x86 = Release (x86)|x86
		Release|Any CPU = Release|Any CPU
		Release|x64 = Release|x64
		Release|x86 = Release|x86
		x86|Any CPU = x86|Any CPU
		x86|x64 = x86|x64
		x86|x86 = x86|x86
	EndGlobalSection
	GlobalSection(ProjectConfigurationPlatforms) = postSolution
		{710B4527-F4EE-4B47-A0F4-877DFF950847}.Debug (x86)|Any CPU.ActiveCfg = Debug|Any CPU
		{710B4527-F4EE-4B47-A0F4-877DFF950847}.Debug (x86)|Any CPU.Build.0 = Debug|Any CPU
		{710B4527-F4EE-4B47-A0F4-877DFF950847}.Debug (x86)|x64.ActiveCfg = Debug|Any CPU
		{710B4527-F4EE-4B47-A0F4-877DFF950847}.Debug (x86)|x64.Build.0 = Debug|Any CPU
		{710B4527-F4EE-4B47-A0F4-877DFF950847}.Debug (x86)|x86.ActiveCfg = Debug|Any CPU
		{710B4527-F4EE-4B47-A0F4-877DFF950847}.Debug (x86)|x86.Build.0 = Debug|Any CPU
		{710B4527-F4EE-4B47-A0F4-877DFF950847}.Debug|Any CPU.ActiveCfg = Debug|Any CPU
		{710B4527-F4EE-4B47-A0F4-877DFF950847}.Debug|Any CPU.Build.0 = Debug|Any CPU
		{710B4527-F4EE-4B47-A0F4-877DFF950847}.Debug|x64.ActiveCfg = Debug|Any CPU
		{710B4527-F4EE-4B47-A0F4-877DFF950847}.Debug|x64.Build.0 = Debug|Any CPU
		{710B4527-F4EE-4B47-A0F4-877DFF950847}.Debug|x86.ActiveCfg = Debug|Any CPU
		{710B4527-F4EE-4B47-A0F4-877DFF950847}.Debug|x86.Build.0 = Debug|Any CPU
		{710B4527-F4EE-4B47-A0F4-877DFF950847}.Release (x86)|Any CPU.ActiveCfg = Release|Any CPU
		{710B4527-F4EE-4B47-A0F4-877DFF950847}.Release (x86)|Any CPU.Build.0 = Release|Any CPU
		{710B4527-F4EE-4B47-A0F4-877DFF950847}.Release (x86)|x64.ActiveCfg = Release|Any CPU
		{710B4527-F4EE-4B47-A0F4-877DFF950847}.Release (x86)|x64.Build.0 = Release|Any CPU
		{710B4527-F4EE-4B47-A0F4-877DFF950847}.Release (x86)|x86.ActiveCfg = Release|Any CPU
		{710B4527-F4EE-4B47-A0F4-877DFF950847}.Release (x86)|x86.Build.0 = Release|Any CPU
		{710B4527-F4EE-4B47-A0F4-877DFF950847}.Release|Any CPU.ActiveCfg = Release|Any CPU
		{710B4527-F4EE-4B47-A0F4-877DFF950847}.Release|Any CPU.Build.0 = Release|Any CPU
		{710B4527-F4EE-4B47-A0F4-877DFF950847}.Release|x64.ActiveCfg = Release|Any CPU
		{710B4527-F4EE-4B47-A0F4-877DFF950847}.Release|x64.Build.0 = Release|Any CPU
		{710B4527-F4EE-4B47-A0F4-877DFF950847}.Release|x86.ActiveCfg = Release|Any CPU
		{710B4527-F4EE-4B47-A0F4-877DFF950847}.Release|x86.Build.0 = Release|Any CPU
		{710B4527-F4EE-4B47-A0F4-877DFF950847}.x86|Any CPU.ActiveCfg = Debug|Any CPU
		{710B4527-F4EE-4B47-A0F4-877DFF950847}.x86|Any CPU.Build.0 = Debug|Any CPU
		{710B4527-F4EE-4B47-A0F4-877DFF950847}.x86|x64.ActiveCfg = Debug|Any CPU
		{710B4527-F4EE-4B47-A0F4-877DFF950847}.x86|x64.Build.0 = Debug|Any CPU
		{710B4527-F4EE-4B47-A0F4-877DFF950847}.x86|x86.ActiveCfg = Debug|Any CPU
		{710B4527-F4EE-4B47-A0F4-877DFF950847}.x86|x86.Build.0 = Debug|Any CPU
		{2C3B66BB-F1A9-4513-AB63-570D7687C6A7}.Debug (x86)|Any CPU.ActiveCfg = Debug|x64
		{2C3B66BB-F1A9-4513-AB63-570D7687C6A7}.Debug (x86)|Any CPU.Build.0 = Debug|x64
		{2C3B66BB-F1A9-4513-AB63-570D7687C6A7}.Debug (x86)|x64.ActiveCfg = Debug|x64
		{2C3B66BB-F1A9-4513-AB63-570D7687C6A7}.Debug (x86)|x64.Build.0 = Debug|x64
		{2C3B66BB-F1A9-4513-AB63-570D7687C6A7}.Debug (x86)|x86.ActiveCfg = Debug|Win32
		{2C3B66BB-F1A9-4513-AB63-570D7687C6A7}.Debug (x86)|x86.Build.0 = Debug|Win32
		{2C3B66BB-F1A9-4513-AB63-570D7687C6A7}.Debug|Any CPU.ActiveCfg = Debug|x64
		{2C3B66BB-F1A9-4513-AB63-570D7687C6A7}.Debug|Any CPU.Build.0 = Debug|x64
		{2C3B66BB-F1A9-4513-AB63-570D7687C6A7}.Debug|x64.ActiveCfg = Debug|x64
		{2C3B66BB-F1A9-4513-AB63-570D7687C6A7}.Debug|x64.Build.0 = Debug|x64
		{2C3B66BB-F1A9-4513-AB63-570D7687C6A7}.Debug|x86.ActiveCfg = Debug|Win32
		{2C3B66BB-F1A9-4513-AB63-570D7687C6A7}.Debug|x86.Build.0 = Debug|Win32
		{2C3B66BB-F1A9-4513-AB63-570D7687C6A7}.Release (x86)|Any CPU.ActiveCfg = Release|x64
		{2C3B66BB-F1A9-4513-AB63-570D7687C6A7}.Release (x86)|Any CPU.Build.0 = Release|x64
		{2C3B66BB-F1A9-4513-AB63-570D7687C6A7}.Release (x86)|x64.ActiveCfg = Release|x64
		{2C3B66BB-F1A9-4513-AB63-570D7687C6A7}.Release (x86)|x64.Build.0 = Release|x64
		{2C3B66BB-F1A9-4513-AB63-570D7687C6A7}.Release (x86)|x86.ActiveCfg = Release|Win32
		{2C3B66BB-F1A9-4513-AB63-570D7687C6A7}.Release (x86)|x86.Build.0 = Release|Win32
		{2C3B66BB-F1A9-4513-AB63-570D7687C6A7}.Release|Any CPU.ActiveCfg = Release|x64
		{2C3B66BB-F1A9-4513-AB63-570D7687C6A7}.Release|Any CPU.Build.0 = Release|x64
		{2C3B66BB-F1A9-4513-AB63-570D7687C6A7}.Release|x64.ActiveCfg = Release|x64
		{2C3B66BB-F1A9-4513-AB63-570D7687C6A7}.Release|x64.Build.0 = Release|x64
		{2C3B66BB-F1A9-4513-AB63-570D7687C6A7}.Release|x86.ActiveCfg = Release|Win32
		{2C3B66BB-F1A9-4513-AB63-570D7687C6A7}.Release|x86.Build.0 = Release|Win32
		{2C3B66BB-F1A9-4513-AB63-570D7687C6A7}.x86|Any CPU.ActiveCfg = Debug|x64
		{2C3B66BB-F1A9-4513-AB63-570D7687C6A7}.x86|Any CPU.Build.0 = Debug|x64
		{2C3B66BB-F1A9-4513-AB63-570D7687C6A7}.x86|x64.ActiveCfg = Debug|x64
		{2C3B66BB-F1A9-4513-AB63-570D7687C6A7}.x86|x64.Build.0 = Debug|x64
		{2C3B66BB-F1A9-4513-AB63-570D7687C6A7}.x86|x86.ActiveCfg = Debug|Win32
		{2C3B66BB-F1A9-4513-AB63-570D7687C6A7}.x86|x86.Build.0 = Debug|Win32
		{84D63988-81DE-4639-8E44-FE5A25EDDC97}.Debug (x86)|Any CPU.ActiveCfg = Debug|Any CPU
		{84D63988-81DE-4639-8E44-FE5A25EDDC97}.Debug (x86)|Any CPU.Build.0 = Debug|Any CPU
		{84D63988-81DE-4639-8E44-FE5A25EDDC97}.Debug (x86)|x64.ActiveCfg = Debug|Any CPU
		{84D63988-81DE-4639-8E44-FE5A25EDDC97}.Debug (x86)|x64.Build.0 = Debug|Any CPU
		{84D63988-81DE-4639-8E44-FE5A25EDDC97}.Debug (x86)|x86.ActiveCfg = Debug|Any CPU
		{84D63988-81DE-4639-8E44-FE5A25EDDC97}.Debug (x86)|x86.Build.0 = Debug|Any CPU
		{84D63988-81DE-4639-8E44-FE5A25EDDC97}.Debug|Any CPU.ActiveCfg = Debug|Any CPU
		{84D63988-81DE-4639-8E44-FE5A25EDDC97}.Debug|Any CPU.Build.0 = Debug|Any CPU
		{84D63988-81DE-4639-8E44-FE5A25EDDC97}.Debug|x64.ActiveCfg = Debug|Any CPU
		{84D63988-81DE-4639-8E44-FE5A25EDDC97}.Debug|x64.Build.0 = Debug|Any CPU
		{84D63988-81DE-4639-8E44-FE5A25EDDC97}.Debug|x86.ActiveCfg = Debug|Any CPU
		{84D63988-81DE-4639-8E44-FE5A25EDDC97}.Debug|x86.Build.0 = Debug|Any CPU
		{84D63988-81DE-4639-8E44-FE5A25EDDC97}.Release (x86)|Any CPU.ActiveCfg = Release|Any CPU
		{84D63988-81DE-4639-8E44-FE5A25EDDC97}.Release (x86)|Any CPU.Build.0 = Release|Any CPU
		{84D63988-81DE-4639-8E44-FE5A25EDDC97}.Release (x86)|x64.ActiveCfg = Release|Any CPU
		{84D63988-81DE-4639-8E44-FE5A25EDDC97}.Release (x86)|x64.Build.0 = Release|Any CPU
		{84D63988-81DE-4639-8E44-FE5A25EDDC97}.Release (x86)|x86.ActiveCfg = Release|Any CPU
		{84D63988-81DE-4639-8E44-FE5A25EDDC97}.Release (x86)|x86.Build.0 = Release|Any CPU
		{84D63988-81DE-4639-8E44-FE5A25EDDC97}.Release|Any CPU.ActiveCfg = Release|Any CPU
		{84D63988-81DE-4639-8E44-FE5A25EDDC97}.Release|Any CPU.Build.0 = Release|Any CPU
		{84D63988-81DE-4639-8E44-FE5A25EDDC97}.Release|x64.ActiveCfg = Release|Any CPU
		{84D63988-81DE-4639-8E44-FE5A25EDDC97}.Release|x64.Build.0 = Release|Any CPU
		{84D63988-81DE-4639-8E44-FE5A25EDDC97}.Release|x86.ActiveCfg = Release|Any CPU
		{84D63988-81DE-4639-8E44-FE5A25EDDC97}.Release|x86.Build.0 = Release|Any CPU
		{84D63988-81DE-4639-8E44-FE5A25EDDC97}.x86|Any CPU.ActiveCfg = Debug|Any CPU
		{84D63988-81DE-4639-8E44-FE5A25EDDC97}.x86|Any CPU.Build.0 = Debug|Any CPU
		{84D63988-81DE-4639-8E44-FE5A25EDDC97}.x86|x64.ActiveCfg = Debug|Any CPU
		{84D63988-81DE-4639-8E44-FE5A25EDDC97}.x86|x64.Build.0 = Debug|Any CPU
		{84D63988-81DE-4639-8E44-FE5A25EDDC97}.x86|x86.ActiveCfg = Debug|Any CPU
		{84D63988-81DE-4639-8E44-FE5A25EDDC97}.x86|x86.Build.0 = Debug|Any CPU
		{ED5D3E22-804B-4BAA-BD7F-F47F19804CF8}.Debug (x86)|Any CPU.ActiveCfg = Debug|Any CPU
		{ED5D3E22-804B-4BAA-BD7F-F47F19804CF8}.Debug (x86)|Any CPU.Build.0 = Debug|Any CPU
		{ED5D3E22-804B-4BAA-BD7F-F47F19804CF8}.Debug (x86)|x64.ActiveCfg = Debug|Any CPU
		{ED5D3E22-804B-4BAA-BD7F-F47F19804CF8}.Debug (x86)|x64.Build.0 = Debug|Any CPU
		{ED5D3E22-804B-4BAA-BD7F-F47F19804CF8}.Debug (x86)|x86.ActiveCfg = Debug|Any CPU
		{ED5D3E22-804B-4BAA-BD7F-F47F19804CF8}.Debug (x86)|x86.Build.0 = Debug|Any CPU
		{ED5D3E22-804B-4BAA-BD7F-F47F19804CF8}.Debug|Any CPU.ActiveCfg = Debug|Any CPU
		{ED5D3E22-804B-4BAA-BD7F-F47F19804CF8}.Debug|Any CPU.Build.0 = Debug|Any CPU
		{ED5D3E22-804B-4BAA-BD7F-F47F19804CF8}.Debug|x64.ActiveCfg = Debug|Any CPU
		{ED5D3E22-804B-4BAA-BD7F-F47F19804CF8}.Debug|x64.Build.0 = Debug|Any CPU
		{ED5D3E22-804B-4BAA-BD7F-F47F19804CF8}.Debug|x86.ActiveCfg = Debug|Any CPU
		{ED5D3E22-804B-4BAA-BD7F-F47F19804CF8}.Debug|x86.Build.0 = Debug|Any CPU
		{ED5D3E22-804B-4BAA-BD7F-F47F19804CF8}.Release (x86)|Any CPU.ActiveCfg = Release|Any CPU
		{ED5D3E22-804B-4BAA-BD7F-F47F19804CF8}.Release (x86)|Any CPU.Build.0 = Release|Any CPU
		{ED5D3E22-804B-4BAA-BD7F-F47F19804CF8}.Release (x86)|x64.ActiveCfg = Release|Any CPU
		{ED5D3E22-804B-4BAA-BD7F-F47F19804CF8}.Release (x86)|x64.Build.0 = Release|Any CPU
		{ED5D3E22-804B-4BAA-BD7F-F47F19804CF8}.Release (x86)|x86.ActiveCfg = Release|Any CPU
		{ED5D3E22-804B-4BAA-BD7F-F47F19804CF8}.Release (x86)|x86.Build.0 = Release|Any CPU
		{ED5D3E22-804B-4BAA-BD7F-F47F19804CF8}.Release|Any CPU.ActiveCfg = Release|Any CPU
		{ED5D3E22-804B-4BAA-BD7F-F47F19804CF8}.Release|Any CPU.Build.0 = Release|Any CPU
		{ED5D3E22-804B-4BAA-BD7F-F47F19804CF8}.Release|x64.ActiveCfg = Release|Any CPU
		{ED5D3E22-804B-4BAA-BD7F-F47F19804CF8}.Release|x64.Build.0 = Release|Any CPU
		{ED5D3E22-804B-4BAA-BD7F-F47F19804CF8}.Release|x86.ActiveCfg = Release|Any CPU
		{ED5D3E22-804B-4BAA-BD7F-F47F19804CF8}.Release|x86.Build.0 = Release|Any CPU
		{ED5D3E22-804B-4BAA-BD7F-F47F19804CF8}.x86|Any CPU.ActiveCfg = Debug|Any CPU
		{ED5D3E22-804B-4BAA-BD7F-F47F19804CF8}.x86|Any CPU.Build.0 = Debug|Any CPU
		{ED5D3E22-804B-4BAA-BD7F-F47F19804CF8}.x86|x64.ActiveCfg = Debug|Any CPU
		{ED5D3E22-804B-4BAA-BD7F-F47F19804CF8}.x86|x64.Build.0 = Debug|Any CPU
		{ED5D3E22-804B-4BAA-BD7F-F47F19804CF8}.x86|x86.ActiveCfg = Debug|Any CPU
		{ED5D3E22-804B-4BAA-BD7F-F47F19804CF8}.x86|x86.Build.0 = Debug|Any CPU
		{1E77F0BE-93FE-4DCA-B534-A6DA117BA30B}.Debug (x86)|Any CPU.ActiveCfg = Debug|Any CPU
		{1E77F0BE-93FE-4DCA-B534-A6DA117BA30B}.Debug (x86)|Any CPU.Build.0 = Debug|Any CPU
		{1E77F0BE-93FE-4DCA-B534-A6DA117BA30B}.Debug (x86)|x64.ActiveCfg = Debug|Any CPU
		{1E77F0BE-93FE-4DCA-B534-A6DA117BA30B}.Debug (x86)|x64.Build.0 = Debug|Any CPU
		{1E77F0BE-93FE-4DCA-B534-A6DA117BA30B}.Debug (x86)|x86.ActiveCfg = Debug|Any CPU
		{1E77F0BE-93FE-4DCA-B534-A6DA117BA30B}.Debug (x86)|x86.Build.0 = Debug|Any CPU
		{1E77F0BE-93FE-4DCA-B534-A6DA117BA30B}.Debug|Any CPU.ActiveCfg = Debug|Any CPU
		{1E77F0BE-93FE-4DCA-B534-A6DA117BA30B}.Debug|Any CPU.Build.0 = Debug|Any CPU
		{1E77F0BE-93FE-4DCA-B534-A6DA117BA30B}.Debug|x64.ActiveCfg = Debug|Any CPU
		{1E77F0BE-93FE-4DCA-B534-A6DA117BA30B}.Debug|x64.Build.0 = Debug|Any CPU
		{1E77F0BE-93FE-4DCA-B534-A6DA117BA30B}.Debug|x86.ActiveCfg = Debug|Any CPU
		{1E77F0BE-93FE-4DCA-B534-A6DA117BA30B}.Debug|x86.Build.0 = Debug|Any CPU
		{1E77F0BE-93FE-4DCA-B534-A6DA117BA30B}.Release (x86)|Any CPU.ActiveCfg = Release|Any CPU
		{1E77F0BE-93FE-4DCA-B534-A6DA117BA30B}.Release (x86)|Any CPU.Build.0 = Release|Any CPU
		{1E77F0BE-93FE-4DCA-B534-A6DA117BA30B}.Release (x86)|x64.ActiveCfg = Release|Any CPU
		{1E77F0BE-93FE-4DCA-B534-A6DA117BA30B}.Release (x86)|x64.Build.0 = Release|Any CPU
		{1E77F0BE-93FE-4DCA-B534-A6DA117BA30B}.Release (x86)|x86.ActiveCfg = Release|Any CPU
		{1E77F0BE-93FE-4DCA-B534-A6DA117BA30B}.Release (x86)|x86.Build.0 = Release|Any CPU
		{1E77F0BE-93FE-4DCA-B534-A6DA117BA30B}.Release|Any CPU.ActiveCfg = Release|Any CPU
		{1E77F0BE-93FE-4DCA-B534-A6DA117BA30B}.Release|Any CPU.Build.0 = Release|Any CPU
		{1E77F0BE-93FE-4DCA-B534-A6DA117BA30B}.Release|x64.ActiveCfg = Release|Any CPU
		{1E77F0BE-93FE-4DCA-B534-A6DA117BA30B}.Release|x64.Build.0 = Release|Any CPU
		{1E77F0BE-93FE-4DCA-B534-A6DA117BA30B}.Release|x86.ActiveCfg = Release|Any CPU
		{1E77F0BE-93FE-4DCA-B534-A6DA117BA30B}.Release|x86.Build.0 = Release|Any CPU
		{1E77F0BE-93FE-4DCA-B534-A6DA117BA30B}.x86|Any CPU.ActiveCfg = Debug|Any CPU
		{1E77F0BE-93FE-4DCA-B534-A6DA117BA30B}.x86|Any CPU.Build.0 = Debug|Any CPU
		{1E77F0BE-93FE-4DCA-B534-A6DA117BA30B}.x86|x64.ActiveCfg = Debug|Any CPU
		{1E77F0BE-93FE-4DCA-B534-A6DA117BA30B}.x86|x64.Build.0 = Debug|Any CPU
		{1E77F0BE-93FE-4DCA-B534-A6DA117BA30B}.x86|x86.ActiveCfg = Debug|Any CPU
		{1E77F0BE-93FE-4DCA-B534-A6DA117BA30B}.x86|x86.Build.0 = Debug|Any CPU
		{45791498-E10B-4FEB-B0A2-8191F2D3086B}.Debug (x86)|Any CPU.ActiveCfg = Debug|Any CPU
		{45791498-E10B-4FEB-B0A2-8191F2D3086B}.Debug (x86)|Any CPU.Build.0 = Debug|Any CPU
		{45791498-E10B-4FEB-B0A2-8191F2D3086B}.Debug (x86)|x64.ActiveCfg = Debug|Any CPU
		{45791498-E10B-4FEB-B0A2-8191F2D3086B}.Debug (x86)|x64.Build.0 = Debug|Any CPU
		{45791498-E10B-4FEB-B0A2-8191F2D3086B}.Debug (x86)|x86.ActiveCfg = Debug|Any CPU
		{45791498-E10B-4FEB-B0A2-8191F2D3086B}.Debug (x86)|x86.Build.0 = Debug|Any CPU
		{45791498-E10B-4FEB-B0A2-8191F2D3086B}.Debug|Any CPU.ActiveCfg = Debug|Any CPU
		{45791498-E10B-4FEB-B0A2-8191F2D3086B}.Debug|Any CPU.Build.0 = Debug|Any CPU
		{45791498-E10B-4FEB-B0A2-8191F2D3086B}.Debug|x64.ActiveCfg = Debug|Any CPU
		{45791498-E10B-4FEB-B0A2-8191F2D3086B}.Debug|x64.Build.0 = Debug|Any CPU
		{45791498-E10B-4FEB-B0A2-8191F2D3086B}.Debug|x86.ActiveCfg = Debug|Any CPU
		{45791498-E10B-4FEB-B0A2-8191F2D3086B}.Debug|x86.Build.0 = Debug|Any CPU
		{45791498-E10B-4FEB-B0A2-8191F2D3086B}.Release (x86)|Any CPU.ActiveCfg = Release|Any CPU
		{45791498-E10B-4FEB-B0A2-8191F2D3086B}.Release (x86)|Any CPU.Build.0 = Release|Any CPU
		{45791498-E10B-4FEB-B0A2-8191F2D3086B}.Release (x86)|x64.ActiveCfg = Release|Any CPU
		{45791498-E10B-4FEB-B0A2-8191F2D3086B}.Release (x86)|x64.Build.0 = Release|Any CPU
		{45791498-E10B-4FEB-B0A2-8191F2D3086B}.Release (x86)|x86.ActiveCfg = Release|Any CPU
		{45791498-E10B-4FEB-B0A2-8191F2D3086B}.Release (x86)|x86.Build.0 = Release|Any CPU
		{45791498-E10B-4FEB-B0A2-8191F2D3086B}.Release|Any CPU.ActiveCfg = Release|Any CPU
		{45791498-E10B-4FEB-B0A2-8191F2D3086B}.Release|Any CPU.Build.0 = Release|Any CPU
		{45791498-E10B-4FEB-B0A2-8191F2D3086B}.Release|x64.ActiveCfg = Release|Any CPU
		{45791498-E10B-4FEB-B0A2-8191F2D3086B}.Release|x64.Build.0 = Release|Any CPU
		{45791498-E10B-4FEB-B0A2-8191F2D3086B}.Release|x86.ActiveCfg = Release|Any CPU
		{45791498-E10B-4FEB-B0A2-8191F2D3086B}.Release|x86.Build.0 = Release|Any CPU
		{45791498-E10B-4FEB-B0A2-8191F2D3086B}.x86|Any CPU.ActiveCfg = Debug|Any CPU
		{45791498-E10B-4FEB-B0A2-8191F2D3086B}.x86|Any CPU.Build.0 = Debug|Any CPU
		{45791498-E10B-4FEB-B0A2-8191F2D3086B}.x86|x64.ActiveCfg = Debug|Any CPU
		{45791498-E10B-4FEB-B0A2-8191F2D3086B}.x86|x64.Build.0 = Debug|Any CPU
		{45791498-E10B-4FEB-B0A2-8191F2D3086B}.x86|x86.ActiveCfg = Debug|Any CPU
		{45791498-E10B-4FEB-B0A2-8191F2D3086B}.x86|x86.Build.0 = Debug|Any CPU
		{28E7F0A4-ACA9-4D1E-A8EC-B9E1822FDD32}.Debug (x86)|Any CPU.ActiveCfg = Debug|Any CPU
		{28E7F0A4-ACA9-4D1E-A8EC-B9E1822FDD32}.Debug (x86)|Any CPU.Build.0 = Debug|Any CPU
		{28E7F0A4-ACA9-4D1E-A8EC-B9E1822FDD32}.Debug (x86)|x64.ActiveCfg = Debug|Any CPU
		{28E7F0A4-ACA9-4D1E-A8EC-B9E1822FDD32}.Debug (x86)|x64.Build.0 = Debug|Any CPU
		{28E7F0A4-ACA9-4D1E-A8EC-B9E1822FDD32}.Debug (x86)|x86.ActiveCfg = Debug|Any CPU
		{28E7F0A4-ACA9-4D1E-A8EC-B9E1822FDD32}.Debug (x86)|x86.Build.0 = Debug|Any CPU
		{28E7F0A4-ACA9-4D1E-A8EC-B9E1822FDD32}.Debug|Any CPU.ActiveCfg = Debug|Any CPU
		{28E7F0A4-ACA9-4D1E-A8EC-B9E1822FDD32}.Debug|Any CPU.Build.0 = Debug|Any CPU
		{28E7F0A4-ACA9-4D1E-A8EC-B9E1822FDD32}.Debug|x64.ActiveCfg = Debug|Any CPU
		{28E7F0A4-ACA9-4D1E-A8EC-B9E1822FDD32}.Debug|x64.Build.0 = Debug|Any CPU
		{28E7F0A4-ACA9-4D1E-A8EC-B9E1822FDD32}.Debug|x86.ActiveCfg = Debug|Any CPU
		{28E7F0A4-ACA9-4D1E-A8EC-B9E1822FDD32}.Debug|x86.Build.0 = Debug|Any CPU
		{28E7F0A4-ACA9-4D1E-A8EC-B9E1822FDD32}.Release (x86)|Any CPU.ActiveCfg = Release|Any CPU
		{28E7F0A4-ACA9-4D1E-A8EC-B9E1822FDD32}.Release (x86)|Any CPU.Build.0 = Release|Any CPU
		{28E7F0A4-ACA9-4D1E-A8EC-B9E1822FDD32}.Release (x86)|x64.ActiveCfg = Release|Any CPU
		{28E7F0A4-ACA9-4D1E-A8EC-B9E1822FDD32}.Release (x86)|x64.Build.0 = Release|Any CPU
		{28E7F0A4-ACA9-4D1E-A8EC-B9E1822FDD32}.Release (x86)|x86.ActiveCfg = Release|Any CPU
		{28E7F0A4-ACA9-4D1E-A8EC-B9E1822FDD32}.Release (x86)|x86.Build.0 = Release|Any CPU
		{28E7F0A4-ACA9-4D1E-A8EC-B9E1822FDD32}.Release|Any CPU.ActiveCfg = Release|Any CPU
		{28E7F0A4-ACA9-4D1E-A8EC-B9E1822FDD32}.Release|Any CPU.Build.0 = Release|Any CPU
		{28E7F0A4-ACA9-4D1E-A8EC-B9E1822FDD32}.Release|x64.ActiveCfg = Release|Any CPU
		{28E7F0A4-ACA9-4D1E-A8EC-B9E1822FDD32}.Release|x64.Build.0 = Release|Any CPU
		{28E7F0A4-ACA9-4D1E-A8EC-B9E1822FDD32}.Release|x86.ActiveCfg = Release|Any CPU
		{28E7F0A4-ACA9-4D1E-A8EC-B9E1822FDD32}.Release|x86.Build.0 = Release|Any CPU
		{28E7F0A4-ACA9-4D1E-A8EC-B9E1822FDD32}.x86|Any CPU.ActiveCfg = Debug|Any CPU
		{28E7F0A4-ACA9-4D1E-A8EC-B9E1822FDD32}.x86|Any CPU.Build.0 = Debug|Any CPU
		{28E7F0A4-ACA9-4D1E-A8EC-B9E1822FDD32}.x86|x64.ActiveCfg = Debug|Any CPU
		{28E7F0A4-ACA9-4D1E-A8EC-B9E1822FDD32}.x86|x64.Build.0 = Debug|Any CPU
		{28E7F0A4-ACA9-4D1E-A8EC-B9E1822FDD32}.x86|x86.ActiveCfg = Debug|Any CPU
		{28E7F0A4-ACA9-4D1E-A8EC-B9E1822FDD32}.x86|x86.Build.0 = Debug|Any CPU
		{284D3E41-9E38-4A39-8A07-79F78E4A6D85}.Debug (x86)|Any CPU.ActiveCfg = Debug|Any CPU
		{284D3E41-9E38-4A39-8A07-79F78E4A6D85}.Debug (x86)|Any CPU.Build.0 = Debug|Any CPU
		{284D3E41-9E38-4A39-8A07-79F78E4A6D85}.Debug (x86)|x64.ActiveCfg = Debug|Any CPU
		{284D3E41-9E38-4A39-8A07-79F78E4A6D85}.Debug (x86)|x64.Build.0 = Debug|Any CPU
		{284D3E41-9E38-4A39-8A07-79F78E4A6D85}.Debug (x86)|x86.ActiveCfg = Debug|Any CPU
		{284D3E41-9E38-4A39-8A07-79F78E4A6D85}.Debug (x86)|x86.Build.0 = Debug|Any CPU
		{284D3E41-9E38-4A39-8A07-79F78E4A6D85}.Debug|Any CPU.ActiveCfg = Debug|Any CPU
		{284D3E41-9E38-4A39-8A07-79F78E4A6D85}.Debug|Any CPU.Build.0 = Debug|Any CPU
		{284D3E41-9E38-4A39-8A07-79F78E4A6D85}.Debug|x64.ActiveCfg = Debug|Any CPU
		{284D3E41-9E38-4A39-8A07-79F78E4A6D85}.Debug|x64.Build.0 = Debug|Any CPU
		{284D3E41-9E38-4A39-8A07-79F78E4A6D85}.Debug|x86.ActiveCfg = Debug|Any CPU
		{284D3E41-9E38-4A39-8A07-79F78E4A6D85}.Debug|x86.Build.0 = Debug|Any CPU
		{284D3E41-9E38-4A39-8A07-79F78E4A6D85}.Release (x86)|Any CPU.ActiveCfg = Release|Any CPU
		{284D3E41-9E38-4A39-8A07-79F78E4A6D85}.Release (x86)|Any CPU.Build.0 = Release|Any CPU
		{284D3E41-9E38-4A39-8A07-79F78E4A6D85}.Release (x86)|x64.ActiveCfg = Release|Any CPU
		{284D3E41-9E38-4A39-8A07-79F78E4A6D85}.Release (x86)|x64.Build.0 = Release|Any CPU
		{284D3E41-9E38-4A39-8A07-79F78E4A6D85}.Release (x86)|x86.ActiveCfg = Release|Any CPU
		{284D3E41-9E38-4A39-8A07-79F78E4A6D85}.Release (x86)|x86.Build.0 = Release|Any CPU
		{284D3E41-9E38-4A39-8A07-79F78E4A6D85}.Release|Any CPU.ActiveCfg = Release|Any CPU
		{284D3E41-9E38-4A39-8A07-79F78E4A6D85}.Release|Any CPU.Build.0 = Release|Any CPU
		{284D3E41-9E38-4A39-8A07-79F78E4A6D85}.Release|x64.ActiveCfg = Release|Any CPU
		{284D3E41-9E38-4A39-8A07-79F78E4A6D85}.Release|x64.Build.0 = Release|Any CPU
		{284D3E41-9E38-4A39-8A07-79F78E4A6D85}.Release|x86.ActiveCfg = Release|Any CPU
		{284D3E41-9E38-4A39-8A07-79F78E4A6D85}.Release|x86.Build.0 = Release|Any CPU
		{284D3E41-9E38-4A39-8A07-79F78E4A6D85}.x86|Any CPU.ActiveCfg = Debug|Any CPU
		{284D3E41-9E38-4A39-8A07-79F78E4A6D85}.x86|Any CPU.Build.0 = Debug|Any CPU
		{284D3E41-9E38-4A39-8A07-79F78E4A6D85}.x86|x64.ActiveCfg = Debug|Any CPU
		{284D3E41-9E38-4A39-8A07-79F78E4A6D85}.x86|x64.Build.0 = Debug|Any CPU
		{284D3E41-9E38-4A39-8A07-79F78E4A6D85}.x86|x86.ActiveCfg = Debug|Any CPU
		{284D3E41-9E38-4A39-8A07-79F78E4A6D85}.x86|x86.Build.0 = Debug|Any CPU
		{37FA1062-FEA5-45A7-9001-05892D8B9A2B}.Debug (x86)|Any CPU.ActiveCfg = Debug|x64
		{37FA1062-FEA5-45A7-9001-05892D8B9A2B}.Debug (x86)|Any CPU.Build.0 = Debug|x64
		{37FA1062-FEA5-45A7-9001-05892D8B9A2B}.Debug (x86)|x64.ActiveCfg = Debug|x64
		{37FA1062-FEA5-45A7-9001-05892D8B9A2B}.Debug (x86)|x64.Build.0 = Debug|x64
		{37FA1062-FEA5-45A7-9001-05892D8B9A2B}.Debug (x86)|x86.ActiveCfg = Debug|x86
		{37FA1062-FEA5-45A7-9001-05892D8B9A2B}.Debug (x86)|x86.Build.0 = Debug|x86
		{37FA1062-FEA5-45A7-9001-05892D8B9A2B}.Debug|Any CPU.ActiveCfg = Debug|x64
		{37FA1062-FEA5-45A7-9001-05892D8B9A2B}.Debug|Any CPU.Build.0 = Debug|x64
		{37FA1062-FEA5-45A7-9001-05892D8B9A2B}.Debug|x64.ActiveCfg = Debug|x64
		{37FA1062-FEA5-45A7-9001-05892D8B9A2B}.Debug|x64.Build.0 = Debug|x64
		{37FA1062-FEA5-45A7-9001-05892D8B9A2B}.Debug|x86.ActiveCfg = Debug|x86
		{37FA1062-FEA5-45A7-9001-05892D8B9A2B}.Debug|x86.Build.0 = Debug|x86
		{37FA1062-FEA5-45A7-9001-05892D8B9A2B}.Release (x86)|Any CPU.ActiveCfg = Release|x64
		{37FA1062-FEA5-45A7-9001-05892D8B9A2B}.Release (x86)|Any CPU.Build.0 = Release|x64
		{37FA1062-FEA5-45A7-9001-05892D8B9A2B}.Release (x86)|x64.ActiveCfg = Release|x64
		{37FA1062-FEA5-45A7-9001-05892D8B9A2B}.Release (x86)|x64.Build.0 = Release|x64
		{37FA1062-FEA5-45A7-9001-05892D8B9A2B}.Release (x86)|x86.ActiveCfg = Release|x86
		{37FA1062-FEA5-45A7-9001-05892D8B9A2B}.Release (x86)|x86.Build.0 = Release|x86
		{37FA1062-FEA5-45A7-9001-05892D8B9A2B}.Release|Any CPU.ActiveCfg = Release|x64
		{37FA1062-FEA5-45A7-9001-05892D8B9A2B}.Release|Any CPU.Build.0 = Release|x64
		{37FA1062-FEA5-45A7-9001-05892D8B9A2B}.Release|x64.ActiveCfg = Release|x64
		{37FA1062-FEA5-45A7-9001-05892D8B9A2B}.Release|x64.Build.0 = Release|x64
		{37FA1062-FEA5-45A7-9001-05892D8B9A2B}.Release|x86.ActiveCfg = Release|x86
		{37FA1062-FEA5-45A7-9001-05892D8B9A2B}.Release|x86.Build.0 = Release|x86
		{37FA1062-FEA5-45A7-9001-05892D8B9A2B}.x86|Any CPU.ActiveCfg = Debug|x64
		{37FA1062-FEA5-45A7-9001-05892D8B9A2B}.x86|Any CPU.Build.0 = Debug|x64
		{37FA1062-FEA5-45A7-9001-05892D8B9A2B}.x86|x64.ActiveCfg = Debug|x64
		{37FA1062-FEA5-45A7-9001-05892D8B9A2B}.x86|x64.Build.0 = Debug|x64
		{37FA1062-FEA5-45A7-9001-05892D8B9A2B}.x86|x86.ActiveCfg = Debug|x86
		{37FA1062-FEA5-45A7-9001-05892D8B9A2B}.x86|x86.Build.0 = Debug|x86
		{DB532B72-3E53-4D5A-81A2-4578F79746E5}.Debug (x86)|Any CPU.ActiveCfg = Debug|x64
		{DB532B72-3E53-4D5A-81A2-4578F79746E5}.Debug (x86)|Any CPU.Build.0 = Debug|x64
		{DB532B72-3E53-4D5A-81A2-4578F79746E5}.Debug (x86)|x64.ActiveCfg = Debug|x64
		{DB532B72-3E53-4D5A-81A2-4578F79746E5}.Debug (x86)|x64.Build.0 = Debug|x64
		{DB532B72-3E53-4D5A-81A2-4578F79746E5}.Debug (x86)|x86.ActiveCfg = Debug|x86
		{DB532B72-3E53-4D5A-81A2-4578F79746E5}.Debug (x86)|x86.Build.0 = Debug|x86
		{DB532B72-3E53-4D5A-81A2-4578F79746E5}.Debug|Any CPU.ActiveCfg = Debug|x64
		{DB532B72-3E53-4D5A-81A2-4578F79746E5}.Debug|Any CPU.Build.0 = Debug|x64
		{DB532B72-3E53-4D5A-81A2-4578F79746E5}.Debug|x64.ActiveCfg = Debug|x64
		{DB532B72-3E53-4D5A-81A2-4578F79746E5}.Debug|x64.Build.0 = Debug|x64
		{DB532B72-3E53-4D5A-81A2-4578F79746E5}.Debug|x86.ActiveCfg = Debug|x86
		{DB532B72-3E53-4D5A-81A2-4578F79746E5}.Debug|x86.Build.0 = Debug|x86
		{DB532B72-3E53-4D5A-81A2-4578F79746E5}.Release (x86)|Any CPU.ActiveCfg = Release|x64
		{DB532B72-3E53-4D5A-81A2-4578F79746E5}.Release (x86)|Any CPU.Build.0 = Release|x64
		{DB532B72-3E53-4D5A-81A2-4578F79746E5}.Release (x86)|x64.ActiveCfg = Release|x64
		{DB532B72-3E53-4D5A-81A2-4578F79746E5}.Release (x86)|x64.Build.0 = Release|x64
		{DB532B72-3E53-4D5A-81A2-4578F79746E5}.Release (x86)|x86.ActiveCfg = Release|x86
		{DB532B72-3E53-4D5A-81A2-4578F79746E5}.Release (x86)|x86.Build.0 = Release|x86
		{DB532B72-3E53-4D5A-81A2-4578F79746E5}.Release|Any CPU.ActiveCfg = Release|x64
		{DB532B72-3E53-4D5A-81A2-4578F79746E5}.Release|Any CPU.Build.0 = Release|x64
		{DB532B72-3E53-4D5A-81A2-4578F79746E5}.Release|x64.ActiveCfg = Release|x64
		{DB532B72-3E53-4D5A-81A2-4578F79746E5}.Release|x64.Build.0 = Release|x64
		{DB532B72-3E53-4D5A-81A2-4578F79746E5}.Release|x86.ActiveCfg = Release|x86
		{DB532B72-3E53-4D5A-81A2-4578F79746E5}.Release|x86.Build.0 = Release|x86
		{DB532B72-3E53-4D5A-81A2-4578F79746E5}.x86|Any CPU.ActiveCfg = Debug|x64
		{DB532B72-3E53-4D5A-81A2-4578F79746E5}.x86|Any CPU.Build.0 = Debug|x64
		{DB532B72-3E53-4D5A-81A2-4578F79746E5}.x86|x64.ActiveCfg = Debug|x64
		{DB532B72-3E53-4D5A-81A2-4578F79746E5}.x86|x64.Build.0 = Debug|x64
		{DB532B72-3E53-4D5A-81A2-4578F79746E5}.x86|x86.ActiveCfg = Debug|x86
		{DB532B72-3E53-4D5A-81A2-4578F79746E5}.x86|x86.Build.0 = Debug|x86
	EndGlobalSection
	GlobalSection(SolutionProperties) = preSolution
		HideSolutionNode = FALSE
	EndGlobalSection
	GlobalSection(ExtensibilityGlobals) = postSolution
		SolutionGuid = {772A6E11-F5C1-4F45-A1C0-AB37BD79F425}
	EndGlobalSection
EndGlobal
