
Microsoft Visual Studio Solution File, Format Version 12.00
# Visual Studio Version 17
VisualStudioVersion = 17.8.34309.116
MinimumVisualStudioVersion = 10.0.40219.1
Project("{9A19103F-16F7-4668-BE54-9A1E7A4F7556}") = "Pso2Cli", "Pso2Cli\Pso2Cli.csproj", "{710B4527-F4EE-4B47-A0F4-877DFF950847}"
EndProject
Project("{FAE04EC0-301F-11D3-BF4B-00C04F79EFBC}") = "AquaModelLibrary", "PSO2-Aqua-Library\AquaModelLibrary\AquaModelLibrary.csproj", "{AC648CF6-3E5C-4C7A-8A6E-083AE962FA1C}"
EndProject
Project("{8BC9CEB8-8B4A-11D0-8D11-00A0C91BC942}") = "AquaModelLibrary.Native", "PSO2-Aqua-Library\AquaModelLibrary.Native\AquaModelLibrary.Native.vcxproj", "{2C3B66BB-F1A9-4513-AB63-570D7687C6A7}"
	ProjectSection(ProjectDependencies) = postProject
		{AC648CF6-3E5C-4C7A-8A6E-083AE962FA1C} = {AC648CF6-3E5C-4C7A-8A6E-083AE962FA1C}
	EndProjectSection
EndProject
Project("{FAE04EC0-301F-11D3-BF4B-00C04F79EFBC}") = "ZamboniLib", "PSO2-Aqua-Library\ZamboniLib\ZamboniLib\ZamboniLib.csproj", "{84D63988-81DE-4639-8E44-FE5A25EDDC97}"
EndProject
Project("{FAE04EC0-301F-11D3-BF4B-00C04F79EFBC}") = "UnluacNET", "PSO2-Aqua-Library\UnluacNET\UnluacNET.csproj", "{ED5D3E22-804B-4BAA-BD7F-F47F19804CF8}"
EndProject
Project("{2150E333-8FDC-42A3-9474-1A3956D46DE8}") = "Solution Items", "Solution Items", "{1CFDBB91-8865-4ACE-9C76-DF25DB49670D}"
	ProjectSection(SolutionItems) = preProject
		.gitignore = .gitignore
		BuildRelease.ps1 = BuildRelease.ps1
		LICENSE = LICENSE
		MsBuild.ps1 = MsBuild.ps1
		README.md = README.md
		SetupDependencies.ps1 = SetupDependencies.ps1
	EndProjectSection
EndProject
Project("{8BC9CEB8-8B4A-11D0-8D11-00A0C91BC942}") = "ooz", "PSO2-Aqua-Library\ZamboniLib\ooz-sys\ooz.vcxproj", "{B6748219-A0E7-46BB-AE38-5343961CB36A}"
EndProject
Global
	GlobalSection(SolutionConfigurationPlatforms) = preSolution
		Debug (x86)|Any CPU = Debug (x86)|Any CPU
		Debug (x86)|x64 = Debug (x86)|x64
		Debug (x86)|x86 = Debug (x86)|x86
		Debug|Any CPU = Debug|Any CPU
		Debug|x64 = Debug|x64
		Debug|x86 = Debug|x86
		Release (x86)|Any CPU = Release (x86)|Any CPU
		Release (x86)|x64 = Release (x86)|x64
		Release (x86)|x86 = Release (x86)|x86
		Release|Any CPU = Release|Any CPU
		Release|x64 = Release|x64
		Release|x86 = Release|x86
		x86|Any CPU = x86|Any CPU
		x86|x64 = x86|x64
		x86|x86 = x86|x86
	EndGlobalSection
	GlobalSection(ProjectConfigurationPlatforms) = postSolution
		{710B4527-F4EE-4B47-A0F4-877DFF950847}.Debug (x86)|Any CPU.ActiveCfg = Debug|Any CPU
		{710B4527-F4EE-4B47-A0F4-877DFF950847}.Debug (x86)|Any CPU.Build.0 = Debug|Any CPU
		{710B4527-F4EE-4B47-A0F4-877DFF950847}.Debug (x86)|x64.ActiveCfg = Debug|Any CPU
		{710B4527-F4EE-4B47-A0F4-877DFF950847}.Debug (x86)|x64.Build.0 = Debug|Any CPU
		{710B4527-F4EE-4B47-A0F4-877DFF950847}.Debug (x86)|x86.ActiveCfg = Debug|Any CPU
		{710B4527-F4EE-4B47-A0F4-877DFF950847}.Debug (x86)|x86.Build.0 = Debug|Any CPU
		{710B4527-F4EE-4B47-A0F4-877DFF950847}.Debug|Any CPU.ActiveCfg = Debug|Any CPU
		{710B4527-F4EE-4B47-A0F4-877DFF950847}.Debug|Any CPU.Build.0 = Debug|Any CPU
		{710B4527-F4EE-4B47-A0F4-877DFF950847}.Debug|x64.ActiveCfg = Debug|Any CPU
		{710B4527-F4EE-4B47-A0F4-877DFF950847}.Debug|x64.Build.0 = Debug|Any CPU
		{710B4527-F4EE-4B47-A0F4-877DFF950847}.Debug|x86.ActiveCfg = Debug|Any CPU
		{710B4527-F4EE-4B47-A0F4-877DFF950847}.Debug|x86.Build.0 = Debug|Any CPU
		{710B4527-F4EE-4B47-A0F4-877DFF950847}.Release (x86)|Any CPU.ActiveCfg = Release|Any CPU
		{710B4527-F4EE-4B47-A0F4-877DFF950847}.Release (x86)|Any CPU.Build.0 = Release|Any CPU
		{710B4527-F4EE-4B47-A0F4-877DFF950847}.Release (x86)|x64.ActiveCfg = Release|Any CPU
		{710B4527-F4EE-4B47-A0F4-877DFF950847}.Release (x86)|x64.Build.0 = Release|Any CPU
		{710B4527-F4EE-4B47-A0F4-877DFF950847}.Release (x86)|x86.ActiveCfg = Release|Any CPU
		{710B4527-F4EE-4B47-A0F4-877DFF950847}.Release (x86)|x86.Build.0 = Release|Any CPU
		{710B4527-F4EE-4B47-A0F4-877DFF950847}.Release|Any CPU.ActiveCfg = Release|Any CPU
		{710B4527-F4EE-4B47-A0F4-877DFF950847}.Release|Any CPU.Build.0 = Release|Any CPU
		{710B4527-F4EE-4B47-A0F4-877DFF950847}.Release|x64.ActiveCfg = Release|Any CPU
		{710B4527-F4EE-4B47-A0F4-877DFF950847}.Release|x64.Build.0 = Release|Any CPU
		{710B4527-F4EE-4B47-A0F4-877DFF950847}.Release|x86.ActiveCfg = Release|Any CPU
		{710B4527-F4EE-4B47-A0F4-877DFF950847}.Release|x86.Build.0 = Release|Any CPU
		{710B4527-F4EE-4B47-A0F4-877DFF950847}.x86|Any CPU.ActiveCfg = Debug|Any CPU
		{710B4527-F4EE-4B47-A0F4-877DFF950847}.x86|Any CPU.Build.0 = Debug|Any CPU
		{710B4527-F4EE-4B47-A0F4-877DFF950847}.x86|x64.ActiveCfg = Debug|Any CPU
		{710B4527-F4EE-4B47-A0F4-877DFF950847}.x86|x64.Build.0 = Debug|Any CPU
		{710B4527-F4EE-4B47-A0F4-877DFF950847}.x86|x86.ActiveCfg = Debug|Any CPU
		{710B4527-F4EE-4B47-A0F4-877DFF950847}.x86|x86.Build.0 = Debug|Any CPU
		{AC648CF6-3E5C-4C7A-8A6E-083AE962FA1C}.Debug (x86)|Any CPU.ActiveCfg = Debug (x86)|Any CPU
		{AC648CF6-3E5C-4C7A-8A6E-083AE962FA1C}.Debug (x86)|Any CPU.Build.0 = Debug (x86)|Any CPU
		{AC648CF6-3E5C-4C7A-8A6E-083AE962FA1C}.Debug (x86)|x64.ActiveCfg = Debug (x86)|x64
		{AC648CF6-3E5C-4C7A-8A6E-083AE962FA1C}.Debug (x86)|x64.Build.0 = Debug (x86)|x64
		{AC648CF6-3E5C-4C7A-8A6E-083AE962FA1C}.Debug (x86)|x86.ActiveCfg = Debug (x86)|x86
		{AC648CF6-3E5C-4C7A-8A6E-083AE962FA1C}.Debug (x86)|x86.Build.0 = Debug (x86)|x86
		{AC648CF6-3E5C-4C7A-8A6E-083AE962FA1C}.Debug|Any CPU.ActiveCfg = Debug|Any CPU
		{AC648CF6-3E5C-4C7A-8A6E-083AE962FA1C}.Debug|Any CPU.Build.0 = Debug|Any CPU
		{AC648CF6-3E5C-4C7A-8A6E-083AE962FA1C}.Debug|x64.ActiveCfg = Debug|x64
		{AC648CF6-3E5C-4C7A-8A6E-083AE962FA1C}.Debug|x64.Build.0 = Debug|x64
		{AC648CF6-3E5C-4C7A-8A6E-083AE962FA1C}.Debug|x86.ActiveCfg = Debug|x86
		{AC648CF6-3E5C-4C7A-8A6E-083AE962FA1C}.Debug|x86.Build.0 = Debug|x86
		{AC648CF6-3E5C-4C7A-8A6E-083AE962FA1C}.Release (x86)|Any CPU.ActiveCfg = Release (x86)|Any CPU
		{AC648CF6-3E5C-4C7A-8A6E-083AE962FA1C}.Release (x86)|Any CPU.Build.0 = Release (x86)|Any CPU
		{AC648CF6-3E5C-4C7A-8A6E-083AE962FA1C}.Release (x86)|x64.ActiveCfg = Release (x86)|x64
		{AC648CF6-3E5C-4C7A-8A6E-083AE962FA1C}.Release (x86)|x64.Build.0 = Release (x86)|x64
		{AC648CF6-3E5C-4C7A-8A6E-083AE962FA1C}.Release (x86)|x86.ActiveCfg = Release (x86)|x86
		{AC648CF6-3E5C-4C7A-8A6E-083AE962FA1C}.Release (x86)|x86.Build.0 = Release (x86)|x86
		{AC648CF6-3E5C-4C7A-8A6E-083AE962FA1C}.Release|Any CPU.ActiveCfg = Release|Any CPU
		{AC648CF6-3E5C-4C7A-8A6E-083AE962FA1C}.Release|Any CPU.Build.0 = Release|Any CPU
		{AC648CF6-3E5C-4C7A-8A6E-083AE962FA1C}.Release|x64.ActiveCfg = Release|x64
		{AC648CF6-3E5C-4C7A-8A6E-083AE962FA1C}.Release|x64.Build.0 = Release|x64
		{AC648CF6-3E5C-4C7A-8A6E-083AE962FA1C}.Release|x86.ActiveCfg = Release|x86
		{AC648CF6-3E5C-4C7A-8A6E-083AE962FA1C}.Release|x86.Build.0 = Release|x86
		{AC648CF6-3E5C-4C7A-8A6E-083AE962FA1C}.x86|Any CPU.ActiveCfg = x86|Any CPU
		{AC648CF6-3E5C-4C7A-8A6E-083AE962FA1C}.x86|Any CPU.Build.0 = x86|Any CPU
		{AC648CF6-3E5C-4C7A-8A6E-083AE962FA1C}.x86|x64.ActiveCfg = x86|x64
		{AC648CF6-3E5C-4C7A-8A6E-083AE962FA1C}.x86|x64.Build.0 = x86|x64
		{AC648CF6-3E5C-4C7A-8A6E-083AE962FA1C}.x86|x86.ActiveCfg = x86|x86
		{AC648CF6-3E5C-4C7A-8A6E-083AE962FA1C}.x86|x86.Build.0 = x86|x86
		{2C3B66BB-F1A9-4513-AB63-570D7687C6A7}.Debug (x86)|Any CPU.ActiveCfg = Debug|x64
		{2C3B66BB-F1A9-4513-AB63-570D7687C6A7}.Debug (x86)|Any CPU.Build.0 = Debug|x64
		{2C3B66BB-F1A9-4513-AB63-570D7687C6A7}.Debug (x86)|x64.ActiveCfg = Debug|x64
		{2C3B66BB-F1A9-4513-AB63-570D7687C6A7}.Debug (x86)|x64.Build.0 = Debug|x64
		{2C3B66BB-F1A9-4513-AB63-570D7687C6A7}.Debug (x86)|x86.ActiveCfg = Debug|Win32
		{2C3B66BB-F1A9-4513-AB63-570D7687C6A7}.Debug (x86)|x86.Build.0 = Debug|Win32
		{2C3B66BB-F1A9-4513-AB63-570D7687C6A7}.Debug|Any CPU.ActiveCfg = Debug|x64
		{2C3B66BB-F1A9-4513-AB63-570D7687C6A7}.Debug|Any CPU.Build.0 = Debug|x64
		{2C3B66BB-F1A9-4513-AB63-570D7687C6A7}.Debug|x64.ActiveCfg = Debug|x64
		{2C3B66BB-F1A9-4513-AB63-570D7687C6A7}.Debug|x64.Build.0 = Debug|x64
		{2C3B66BB-F1A9-4513-AB63-570D7687C6A7}.Debug|x86.ActiveCfg = Debug|Win32
		{2C3B66BB-F1A9-4513-AB63-570D7687C6A7}.Debug|x86.Build.0 = Debug|Win32
		{2C3B66BB-F1A9-4513-AB63-570D7687C6A7}.Release (x86)|Any CPU.ActiveCfg = Release|x64
		{2C3B66BB-F1A9-4513-AB63-570D7687C6A7}.Release (x86)|Any CPU.Build.0 = Release|x64
		{2C3B66BB-F1A9-4513-AB63-570D7687C6A7}.Release (x86)|x64.ActiveCfg = Release|x64
		{2C3B66BB-F1A9-4513-AB63-570D7687C6A7}.Release (x86)|x64.Build.0 = Release|x64
		{2C3B66BB-F1A9-4513-AB63-570D7687C6A7}.Release (x86)|x86.ActiveCfg = Release|Win32
		{2C3B66BB-F1A9-4513-AB63-570D7687C6A7}.Release (x86)|x86.Build.0 = Release|Win32
		{2C3B66BB-F1A9-4513-AB63-570D7687C6A7}.Release|Any CPU.ActiveCfg = Release|x64
		{2C3B66BB-F1A9-4513-AB63-570D7687C6A7}.Release|Any CPU.Build.0 = Release|x64
		{2C3B66BB-F1A9-4513-AB63-570D7687C6A7}.Release|x64.ActiveCfg = Release|x64
		{2C3B66BB-F1A9-4513-AB63-570D7687C6A7}.Release|x64.Build.0 = Release|x64
		{2C3B66BB-F1A9-4513-AB63-570D7687C6A7}.Release|x86.ActiveCfg = Release|Win32
		{2C3B66BB-F1A9-4513-AB63-570D7687C6A7}.Release|x86.Build.0 = Release|Win32
		{2C3B66BB-F1A9-4513-AB63-570D7687C6A7}.x86|Any CPU.ActiveCfg = Debug|x64
		{2C3B66BB-F1A9-4513-AB63-570D7687C6A7}.x86|Any CPU.Build.0 = Debug|x64
		{2C3B66BB-F1A9-4513-AB63-570D7687C6A7}.x86|x64.ActiveCfg = Debug|x64
		{2C3B66BB-F1A9-4513-AB63-570D7687C6A7}.x86|x64.Build.0 = Debug|x64
		{2C3B66BB-F1A9-4513-AB63-570D7687C6A7}.x86|x86.ActiveCfg = Debug|Win32
		{2C3B66BB-F1A9-4513-AB63-570D7687C6A7}.x86|x86.Build.0 = Debug|Win32
		{84D63988-81DE-4639-8E44-FE5A25EDDC97}.Debug (x86)|Any CPU.ActiveCfg = Debug|Any CPU
		{84D63988-81DE-4639-8E44-FE5A25EDDC97}.Debug (x86)|Any CPU.Build.0 = Debug|Any CPU
		{84D63988-81DE-4639-8E44-FE5A25EDDC97}.Debug (x86)|x64.ActiveCfg = Debug|Any CPU
		{84D63988-81DE-4639-8E44-FE5A25EDDC97}.Debug (x86)|x64.Build.0 = Debug|Any CPU
		{84D63988-81DE-4639-8E44-FE5A25EDDC97}.Debug (x86)|x86.ActiveCfg = Debug|Any CPU
		{84D63988-81DE-4639-8E44-FE5A25EDDC97}.Debug (x86)|x86.Build.0 = Debug|Any CPU
		{84D63988-81DE-4639-8E44-FE5A25EDDC97}.Debug|Any CPU.ActiveCfg = Debug|Any CPU
		{84D63988-81DE-4639-8E44-FE5A25EDDC97}.Debug|Any CPU.Build.0 = Debug|Any CPU
		{84D63988-81DE-4639-8E44-FE5A25EDDC97}.Debug|x64.ActiveCfg = Debug|Any CPU
		{84D63988-81DE-4639-8E44-FE5A25EDDC97}.Debug|x64.Build.0 = Debug|Any CPU
		{84D63988-81DE-4639-8E44-FE5A25EDDC97}.Debug|x86.ActiveCfg = Debug|Any CPU
		{84D63988-81DE-4639-8E44-FE5A25EDDC97}.Debug|x86.Build.0 = Debug|Any CPU
		{84D63988-81DE-4639-8E44-FE5A25EDDC97}.Release (x86)|Any CPU.ActiveCfg = Release|Any CPU
		{84D63988-81DE-4639-8E44-FE5A25EDDC97}.Release (x86)|Any CPU.Build.0 = Release|Any CPU
		{84D63988-81DE-4639-8E44-FE5A25EDDC97}.Release (x86)|x64.ActiveCfg = Release|Any CPU
		{84D63988-81DE-4639-8E44-FE5A25EDDC97}.Release (x86)|x64.Build.0 = Release|Any CPU
		{84D63988-81DE-4639-8E44-FE5A25EDDC97}.Release (x86)|x86.ActiveCfg = Release|Any CPU
		{84D63988-81DE-4639-8E44-FE5A25EDDC97}.Release (x86)|x86.Build.0 = Release|Any CPU
		{84D63988-81DE-4639-8E44-FE5A25EDDC97}.Release|Any CPU.ActiveCfg = Release|Any CPU
		{84D63988-81DE-4639-8E44-FE5A25EDDC97}.Release|Any CPU.Build.0 = Release|Any CPU
		{84D63988-81DE-4639-8E44-FE5A25EDDC97}.Release|x64.ActiveCfg = Release|Any CPU
		{84D63988-81DE-4639-8E44-FE5A25EDDC97}.Release|x64.Build.0 = Release|Any CPU
		{84D63988-81DE-4639-8E44-FE5A25EDDC97}.Release|x86.ActiveCfg = Release|Any CPU
		{84D63988-81DE-4639-8E44-FE5A25EDDC97}.Release|x86.Build.0 = Release|Any CPU
		{84D63988-81DE-4639-8E44-FE5A25EDDC97}.x86|Any CPU.ActiveCfg = Debug|Any CPU
		{84D63988-81DE-4639-8E44-FE5A25EDDC97}.x86|Any CPU.Build.0 = Debug|Any CPU
		{84D63988-81DE-4639-8E44-FE5A25EDDC97}.x86|x64.ActiveCfg = Debug|Any CPU
		{84D63988-81DE-4639-8E44-FE5A25EDDC97}.x86|x64.Build.0 = Debug|Any CPU
		{84D63988-81DE-4639-8E44-FE5A25EDDC97}.x86|x86.ActiveCfg = Debug|Any CPU
		{84D63988-81DE-4639-8E44-FE5A25EDDC97}.x86|x86.Build.0 = Debug|Any CPU
		{ED5D3E22-804B-4BAA-BD7F-F47F19804CF8}.Debug (x86)|Any CPU.ActiveCfg = Debug|Any CPU
		{ED5D3E22-804B-4BAA-BD7F-F47F19804CF8}.Debug (x86)|Any CPU.Build.0 = Debug|Any CPU
		{ED5D3E22-804B-4BAA-BD7F-F47F19804CF8}.Debug (x86)|x64.ActiveCfg = Debug|Any CPU
		{ED5D3E22-804B-4BAA-BD7F-F47F19804CF8}.Debug (x86)|x64.Build.0 = Debug|Any CPU
		{ED5D3E22-804B-4BAA-BD7F-F47F19804CF8}.Debug (x86)|x86.ActiveCfg = Debug|Any CPU
		{ED5D3E22-804B-4BAA-BD7F-F47F19804CF8}.Debug (x86)|x86.Build.0 = Debug|Any CPU
		{ED5D3E22-804B-4BAA-BD7F-F47F19804CF8}.Debug|Any CPU.ActiveCfg = Debug|Any CPU
		{ED5D3E22-804B-4BAA-BD7F-F47F19804CF8}.Debug|Any CPU.Build.0 = Debug|Any CPU
		{ED5D3E22-804B-4BAA-BD7F-F47F19804CF8}.Debug|x64.ActiveCfg = Debug|Any CPU
		{ED5D3E22-804B-4BAA-BD7F-F47F19804CF8}.Debug|x64.Build.0 = Debug|Any CPU
		{ED5D3E22-804B-4BAA-BD7F-F47F19804CF8}.Debug|x86.ActiveCfg = Debug|Any CPU
		{ED5D3E22-804B-4BAA-BD7F-F47F19804CF8}.Debug|x86.Build.0 = Debug|Any CPU
		{ED5D3E22-804B-4BAA-BD7F-F47F19804CF8}.Release (x86)|Any CPU.ActiveCfg = Release|Any CPU
		{ED5D3E22-804B-4BAA-BD7F-F47F19804CF8}.Release (x86)|Any CPU.Build.0 = Release|Any CPU
		{ED5D3E22-804B-4BAA-BD7F-F47F19804CF8}.Release (x86)|x64.ActiveCfg = Release|Any CPU
		{ED5D3E22-804B-4BAA-BD7F-F47F19804CF8}.Release (x86)|x64.Build.0 = Release|Any CPU
		{ED5D3E22-804B-4BAA-BD7F-F47F19804CF8}.Release (x86)|x86.ActiveCfg = Release|Any CPU
		{ED5D3E22-804B-4BAA-BD7F-F47F19804CF8}.Release (x86)|x86.Build.0 = Release|Any CPU
		{ED5D3E22-804B-4BAA-BD7F-F47F19804CF8}.Release|Any CPU.ActiveCfg = Release|Any CPU
		{ED5D3E22-804B-4BAA-BD7F-F47F19804CF8}.Release|Any CPU.Build.0 = Release|Any CPU
		{ED5D3E22-804B-4BAA-BD7F-F47F19804CF8}.Release|x64.ActiveCfg = Release|Any CPU
		{ED5D3E22-804B-4BAA-BD7F-F47F19804CF8}.Release|x64.Build.0 = Release|Any CPU
		{ED5D3E22-804B-4BAA-BD7F-F47F19804CF8}.Release|x86.ActiveCfg = Release|Any CPU
		{ED5D3E22-804B-4BAA-BD7F-F47F19804CF8}.Release|x86.Build.0 = Release|Any CPU
		{ED5D3E22-804B-4BAA-BD7F-F47F19804CF8}.x86|Any CPU.ActiveCfg = Debug|Any CPU
		{ED5D3E22-804B-4BAA-BD7F-F47F19804CF8}.x86|Any CPU.Build.0 = Debug|Any CPU
		{ED5D3E22-804B-4BAA-BD7F-F47F19804CF8}.x86|x64.ActiveCfg = Debug|Any CPU
		{ED5D3E22-804B-4BAA-BD7F-F47F19804CF8}.x86|x64.Build.0 = Debug|Any CPU
		{ED5D3E22-804B-4BAA-BD7F-F47F19804CF8}.x86|x86.ActiveCfg = Debug|Any CPU
		{ED5D3E22-804B-4BAA-BD7F-F47F19804CF8}.x86|x86.Build.0 = Debug|Any CPU
		{B6748219-A0E7-46BB-AE38-5343961CB36A}.Debug (x86)|Any CPU.ActiveCfg = Debug|x64
		{B6748219-A0E7-46BB-AE38-5343961CB36A}.Debug (x86)|Any CPU.Build.0 = Debug|x64
		{B6748219-A0E7-46BB-AE38-5343961CB36A}.Debug (x86)|x64.ActiveCfg = Debug|x64
		{B6748219-A0E7-46BB-AE38-5343961CB36A}.Debug (x86)|x64.Build.0 = Debug|x64
		{B6748219-A0E7-46BB-AE38-5343961CB36A}.Debug (x86)|x86.ActiveCfg = Debug|Win32
		{B6748219-A0E7-46BB-AE38-5343961CB36A}.Debug (x86)|x86.Build.0 = Debug|Win32
		{B6748219-A0E7-46BB-AE38-5343961CB36A}.Debug|Any CPU.ActiveCfg = Debug|x64
		{B6748219-A0E7-46BB-AE38-5343961CB36A}.Debug|Any CPU.Build.0 = Debug|x64
		{B6748219-A0E7-46BB-AE38-5343961CB36A}.Debug|x64.ActiveCfg = Debug|x64
		{B6748219-A0E7-46BB-AE38-5343961CB36A}.Debug|x64.Build.0 = Debug|x64
		{B6748219-A0E7-46BB-AE38-5343961CB36A}.Debug|x86.ActiveCfg = Debug|Win32
		{B6748219-A0E7-46BB-AE38-5343961CB36A}.Debug|x86.Build.0 = Debug|Win32
		{B6748219-A0E7-46BB-AE38-5343961CB36A}.Release (x86)|Any CPU.ActiveCfg = Release|x64
		{B6748219-A0E7-46BB-AE38-5343961CB36A}.Release (x86)|Any CPU.Build.0 = Release|x64
		{B6748219-A0E7-46BB-AE38-5343961CB36A}.Release (x86)|x64.ActiveCfg = Release|x64
		{B6748219-A0E7-46BB-AE38-5343961CB36A}.Release (x86)|x64.Build.0 = Release|x64
		{B6748219-A0E7-46BB-AE38-5343961CB36A}.Release (x86)|x86.ActiveCfg = Release|Win32
		{B6748219-A0E7-46BB-AE38-5343961CB36A}.Release (x86)|x86.Build.0 = Release|Win32
		{B6748219-A0E7-46BB-AE38-5343961CB36A}.Release|Any CPU.ActiveCfg = Release|x64
		{B6748219-A0E7-46BB-AE38-5343961CB36A}.Release|Any CPU.Build.0 = Release|x64
		{B6748219-A0E7-46BB-AE38-5343961CB36A}.Release|x64.ActiveCfg = Release|x64
		{B6748219-A0E7-46BB-AE38-5343961CB36A}.Release|x64.Build.0 = Release|x64
		{B6748219-A0E7-46BB-AE38-5343961CB36A}.Release|x86.ActiveCfg = Release|Win32
		{B6748219-A0E7-46BB-AE38-5343961CB36A}.Release|x86.Build.0 = Release|Win32
		{B6748219-A0E7-46BB-AE38-5343961CB36A}.x86|Any CPU.ActiveCfg = Debug|x64
		{B6748219-A0E7-46BB-AE38-5343961CB36A}.x86|Any CPU.Build.0 = Debug|x64
		{B6748219-A0E7-46BB-AE38-5343961CB36A}.x86|x64.ActiveCfg = Debug|x64
		{B6748219-A0E7-46BB-AE38-5343961CB36A}.x86|x64.Build.0 = Debug|x64
		{B6748219-A0E7-46BB-AE38-5343961CB36A}.x86|x86.ActiveCfg = Debug|Win32
		{B6748219-A0E7-46BB-AE38-5343961CB36A}.x86|x86.Build.0 = Debug|Win32
	EndGlobalSection
	GlobalSection(SolutionProperties) = preSolution
		HideSolutionNode = FALSE
	EndGlobalSection
	GlobalSection(ExtensibilityGlobals) = postSolution
		SolutionGuid = {772A6E11-F5C1-4F45-A1C0-AB37BD79F425}
	EndGlobalSection
EndGlobal
